
Microsoft Visual Studio Solution File, Format Version 11.00
# Visual Studio 2010
Project("{FAE04EC0-301F-11D3-BF4B-00C04F79EFBC}") = "SIAQ.Web", "SIAQ.Web\SIAQ.Web.csproj", "{C9AF31DB-A264-4406-BBBB-3BE40B3FF986}"
EndProject
Project("{FAE04EC0-301F-11D3-BF4B-00C04F79EFBC}") = "SIAQ.BusinessProcess", "SIAQ.BusinessProcess\SIAQ.BusinessProcess.csproj", "{04BFA621-320D-41D7-A2D5-915C68EE6BA7}"
EndProject
Project("{FAE04EC0-301F-11D3-BF4B-00C04F79EFBC}") = "SIAQ.DataAccess", "SIAQ.DataAccess\SIAQ.DataAccess.csproj", "{E0FB5514-6325-4D58-90F6-9DC3FBDEF769}"
EndProject
Project("{FAE04EC0-301F-11D3-BF4B-00C04F79EFBC}") = "SIAQ.Entity", "SIAQ.Entity\SIAQ.Entity.csproj", "{ACE1344C-F3A3-4C79-9D96-09D06DE2CF4D}"
EndProject
Global
	GlobalSection(SolutionConfigurationPlatforms) = preSolution
		Debug|Any CPU = Debug|Any CPU
		Release|Any CPU = Release|Any CPU
	EndGlobalSection
	GlobalSection(ProjectConfigurationPlatforms) = postSolution
		{C9AF31DB-A264-4406-BBBB-3BE40B3FF986}.Debug|Any CPU.ActiveCfg = Debug|Any CPU
		{C9AF31DB-A264-4406-BBBB-3BE40B3FF986}.Debug|Any CPU.Build.0 = Debug|Any CPU
		{C9AF31DB-A264-4406-BBBB-3BE40B3FF986}.Release|Any CPU.ActiveCfg = Release|Any CPU
		{C9AF31DB-A264-4406-BBBB-3BE40B3FF986}.Release|Any CPU.Build.0 = Release|Any CPU
		{04BFA621-320D-41D7-A2D5-915C68EE6BA7}.Debug|Any CPU.ActiveCfg = Debug|Any CPU
		{04BFA621-320D-41D7-A2D5-915C68EE6BA7}.Debug|Any CPU.Build.0 = Debug|Any CPU
		{04BFA621-320D-41D7-A2D5-915C68EE6BA7}.Release|Any CPU.ActiveCfg = Release|Any CPU
		{04BFA621-320D-41D7-A2D5-915C68EE6BA7}.Release|Any CPU.Build.0 = Release|Any CPU
		{E0FB5514-6325-4D58-90F6-9DC3FBDEF769}.Debug|Any CPU.ActiveCfg = Debug|Any CPU
		{E0FB5514-6325-4D58-90F6-9DC3FBDEF769}.Debug|Any CPU.Build.0 = Debug|Any CPU
		{E0FB5514-6325-4D58-90F6-9DC3FBDEF769}.Release|Any CPU.ActiveCfg = Release|Any CPU
		{E0FB5514-6325-4D58-90F6-9DC3FBDEF769}.Release|Any CPU.Build.0 = Release|Any CPU
		{ACE1344C-F3A3-4C79-9D96-09D06DE2CF4D}.Debug|Any CPU.ActiveCfg = Debug|Any CPU
		{ACE1344C-F3A3-4C79-9D96-09D06DE2CF4D}.Debug|Any CPU.Build.0 = Debug|Any CPU
		{ACE1344C-F3A3-4C79-9D96-09D06DE2CF4D}.Release|Any CPU.ActiveCfg = Release|Any CPU
		{ACE1344C-F3A3-4C79-9D96-09D06DE2CF4D}.Release|Any CPU.Build.0 = Release|Any CPU
	EndGlobalSection
	GlobalSection(SolutionProperties) = preSolution
		HideSolutionNode = FALSE
	EndGlobalSection
EndGlobal
